[root]
name = "intecture-auth"
version = "0.0.1"
dependencies = [
 "czmq 0.0.4 (git+https://github.com/petehayes102/rust-czmq.git?tag=0.0.4)",
 "rustc-serialize 0.3.19 (registry+https://github.com/rust-lang/crates.io-index)",
 "tempdir 0.3.4 (registry+https://github.com/rust-lang/crates.io-index)",
 "zdaemon 0.0.1 (git+https://github.com/betweenlines/zdaemon.git)",
 "zmq 0.8.0 (git+https://github.com/petehayes102/rust-zmq.git?branch=tmp-master)",
]

[[package]]
name = "bitflags"
version = "0.5.0"
source = "registry+https://github.com/rust-lang/crates.io-index"

[[package]]
name = "czmq"
version = "0.0.4"
source = "git+https://github.com/petehayes102/rust-czmq.git?tag=0.0.4#e8515e143d4c383b4229d4073bf57a144614ac55"
dependencies = [
 "bitflags 0.5.0 (registry+https://github.com/rust-lang/crates.io-index)",
 "czmq-sys 0.0.3 (git+https://github.com/petehayes102/rust-czmq.git?tag=0.0.4)",
 "zmq 0.8.0 (git+https://github.com/petehayes102/rust-zmq.git?branch=tmp-master)",
]

[[package]]
name = "czmq-sys"
version = "0.0.3"
source = "git+https://github.com/petehayes102/rust-czmq.git?tag=0.0.4#e8515e143d4c383b4229d4073bf57a144614ac55"
dependencies = [
 "libc 0.2.12 (registry+https://github.com/rust-lang/crates.io-index)",
]

[[package]]
name = "libc"
version = "0.2.12"
source = "registry+https://github.com/rust-lang/crates.io-index"

[[package]]
name = "log"
version = "0.3.6"
source = "registry+https://github.com/rust-lang/crates.io-index"

[[package]]
name = "rand"
version = "0.3.14"
source = "registry+https://github.com/rust-lang/crates.io-index"
dependencies = [
 "libc 0.2.12 (registry+https://github.com/rust-lang/crates.io-index)",
]

[[package]]
name = "rustc-serialize"
version = "0.3.19"
source = "registry+https://github.com/rust-lang/crates.io-index"

[[package]]
name = "tempdir"
version = "0.3.4"
source = "registry+https://github.com/rust-lang/crates.io-index"
dependencies = [
 "rand 0.3.14 (registry+https://github.com/rust-lang/crates.io-index)",
]

[[package]]
name = "zdaemon"
version = "0.0.1"
source = "git+https://github.com/betweenlines/zdaemon.git#7542b102bad1a1baa42188dd3609d006493aba2a"
dependencies = [
 "czmq 0.0.4 (git+https://github.com/petehayes102/rust-czmq.git?tag=0.0.4)",
 "rustc-serialize 0.3.19 (registry+https://github.com/rust-lang/crates.io-index)",
]

[[package]]
name = "zmq"
version = "0.8.0"
source = "git+https://github.com/petehayes102/rust-zmq.git?branch=tmp-master#d42cabbe6b524be90bb67a4cffe72caa0cecf7d8"
dependencies = [
 "libc 0.2.12 (registry+https://github.com/rust-lang/crates.io-index)",
 "log 0.3.6 (registry+https://github.com/rust-lang/crates.io-index)",
 "zmq-sys 0.8.0 (git+https://github.com/petehayes102/rust-zmq.git?branch=tmp-master)",
]

[[package]]
name = "zmq-sys"
version = "0.8.0"
source = "git+https://github.com/petehayes102/rust-zmq.git?branch=tmp-master#d42cabbe6b524be90bb67a4cffe72caa0cecf7d8"
dependencies = [
 "libc 0.2.12 (registry+https://github.com/rust-lang/crates.io-index)",
]

